
Microsoft Visual Studio Solution File, Format Version 12.00
# Visual Studio 15
VisualStudioVersion = 15.0.26124.0
MinimumVisualStudioVersion = 15.0.26124.0
Project("{FAE04EC0-301F-11D3-BF4B-00C04F79EFBC}") = "publisher_api", "publisher_api\publisher_api.csproj", "{CCD68AD2-CEBB-4F1E-822A-96DF9EB803EF}"
EndProject
Project("{FAE04EC0-301F-11D3-BF4B-00C04F79EFBC}") = "worker", "worker\worker.csproj", "{CCCA66EB-AAF3-410E-B660-D8B356957A74}"
EndProject
Global
	GlobalSection(SolutionConfigurationPlatforms) = preSolution
		Debug|Any CPU = Debug|Any CPU
		Debug|x64 = Debug|x64
		Debug|x86 = Debug|x86
		Release|Any CPU = Release|Any CPU
		Release|x64 = Release|x64
		Release|x86 = Release|x86
	EndGlobalSection
	GlobalSection(SolutionProperties) = preSolution
		HideSolutionNode = FALSE
	EndGlobalSection
	GlobalSection(ProjectConfigurationPlatforms) = postSolution
		{CCD68AD2-CEBB-4F1E-822A-96DF9EB803EF}.Debug|Any CPU.ActiveCfg = Debug|Any CPU
		{CCD68AD2-CEBB-4F1E-822A-96DF9EB803EF}.Debug|Any CPU.Build.0 = Debug|Any CPU
		{CCD68AD2-CEBB-4F1E-822A-96DF9EB803EF}.Debug|x64.ActiveCfg = Debug|Any CPU
		{CCD68AD2-CEBB-4F1E-822A-96DF9EB803EF}.Debug|x64.Build.0 = Debug|Any CPU
		{CCD68AD2-CEBB-4F1E-822A-96DF9EB803EF}.Debug|x86.ActiveCfg = Debug|Any CPU
		{CCD68AD2-CEBB-4F1E-822A-96DF9EB803EF}.Debug|x86.Build.0 = Debug|Any CPU
		{CCD68AD2-CEBB-4F1E-822A-96DF9EB803EF}.Release|Any CPU.ActiveCfg = Release|Any CPU
		{CCD68AD2-CEBB-4F1E-822A-96DF9EB803EF}.Release|Any CPU.Build.0 = Release|Any CPU
		{CCD68AD2-CEBB-4F1E-822A-96DF9EB803EF}.Release|x64.ActiveCfg = Release|Any CPU
		{CCD68AD2-CEBB-4F1E-822A-96DF9EB803EF}.Release|x64.Build.0 = Release|Any CPU
		{CCD68AD2-CEBB-4F1E-822A-96DF9EB803EF}.Release|x86.ActiveCfg = Release|Any CPU
		{CCD68AD2-CEBB-4F1E-822A-96DF9EB803EF}.Release|x86.Build.0 = Release|Any CPU
		{CCCA66EB-AAF3-410E-B660-D8B356957A74}.Debug|Any CPU.ActiveCfg = Debug|Any CPU
		{CCCA66EB-AAF3-410E-B660-D8B356957A74}.Debug|Any CPU.Build.0 = Debug|Any CPU
		{CCCA66EB-AAF3-410E-B660-D8B356957A74}.Debug|x64.ActiveCfg = Debug|Any CPU
		{CCCA66EB-AAF3-410E-B660-D8B356957A74}.Debug|x64.Build.0 = Debug|Any CPU
		{CCCA66EB-AAF3-410E-B660-D8B356957A74}.Debug|x86.ActiveCfg = Debug|Any CPU
		{CCCA66EB-AAF3-410E-B660-D8B356957A74}.Debug|x86.Build.0 = Debug|Any CPU
		{CCCA66EB-AAF3-410E-B660-D8B356957A74}.Release|Any CPU.ActiveCfg = Release|Any CPU
		{CCCA66EB-AAF3-410E-B660-D8B356957A74}.Release|Any CPU.Build.0 = Release|Any CPU
		{CCCA66EB-AAF3-410E-B660-D8B356957A74}.Release|x64.ActiveCfg = Release|Any CPU
		{CCCA66EB-AAF3-410E-B660-D8B356957A74}.Release|x64.Build.0 = Release|Any CPU
		{CCCA66EB-AAF3-410E-B660-D8B356957A74}.Release|x86.ActiveCfg = Release|Any CPU
		{CCCA66EB-AAF3-410E-B660-D8B356957A74}.Release|x86.Build.0 = Release|Any CPU
	EndGlobalSection
EndGlobal
